
Microsoft Visual Studio Solution File, Format Version 12.00
# Visual Studio Version 17
VisualStudioVersion = 17.14.36401.2 d17.14
MinimumVisualStudioVersion = 10.0.40219.1
Project("{FAE04EC0-301F-11D3-BF4B-00C04F79EFBC}") = "ShimikaTill", "ShimikaTill\ShimikaTill.csproj", "{65CB8C65-F89E-45B5-969E-168B9B44263A}"
EndProject
Global
	GlobalSection(SolutionConfigurationPlatforms) = preSolution
		Debug|Any CPU = Debug|Any CPU
		Release|Any CPU = Release|Any CPU
	EndGlobalSection
	GlobalSection(ProjectConfigurationPlatforms) = postSolution
		{65CB8C65-F89E-45B5-969E-168B9B44263A}.Debug|Any CPU.ActiveCfg = Debug|Any CPU
		{65CB8C65-F89E-45B5-969E-168B9B44263A}.Debug|Any CPU.Build.0 = Debug|Any CPU
		{65CB8C65-F89E-45B5-969E-168B9B44263A}.Release|Any CPU.ActiveCfg = Release|Any CPU
		{65CB8C65-F89E-45B5-969E-168B9B44263A}.Release|Any CPU.Build.0 = Release|Any CPU
	EndGlobalSection
	GlobalSection(SolutionProperties) = preSolution
		HideSolutionNode = FALSE
	EndGlobalSection
	GlobalSection(ExtensibilityGlobals) = postSolution
		SolutionGuid = {B105F601-77EF-449F-842C-41F0E4A29C80}
	EndGlobalSection
EndGlobal
